
Microsoft Visual Studio Solution File, Format Version 12.00
# Visual Studio Version 17
VisualStudioVersion = 17.9.34723.18
MinimumVisualStudioVersion = 10.0.40219.1
Project("{FAE04EC0-301F-11D3-BF4B-00C04F79EFBC}") = "Task 4.1", "Task 4.1.csproj", "{2D475D69-9E0C-4387-A053-AB01F49ADC5E}"
EndProject
Global
	GlobalSection(SolutionConfigurationPlatforms) = preSolution
		Debug|Any CPU = Debug|Any CPU
		Release|Any CPU = Release|Any CPU
	EndGlobalSection
	GlobalSection(ProjectConfigurationPlatforms) = postSolution
		{2D475D69-9E0C-4387-A053-AB01F49ADC5E}.Debug|Any CPU.ActiveCfg = Debug|Any CPU
		{2D475D69-9E0C-4387-A053-AB01F49ADC5E}.Debug|Any CPU.Build.0 = Debug|Any CPU
		{2D475D69-9E0C-4387-A053-AB01F49ADC5E}.Release|Any CPU.ActiveCfg = Release|Any CPU
		{2D475D69-9E0C-4387-A053-AB01F49ADC5E}.Release|Any CPU.Build.0 = Release|Any CPU
	EndGlobalSection
	GlobalSection(SolutionProperties) = preSolution
		HideSolutionNode = FALSE
	EndGlobalSection
	GlobalSection(ExtensibilityGlobals) = postSolution
		SolutionGuid = {39FF399D-03A8-4FF5-9268-8DF42D9BB7DF}
	EndGlobalSection
EndGlobal
